
Microsoft Visual Studio Solution File, Format Version 12.00
# Visual Studio Version 17
VisualStudioVersion = 17.0.32014.148
MinimumVisualStudioVersion = 10.0.40219.1
Project("{FAE04EC0-301F-11D3-BF4B-00C04F79EFBC}") = "DesignPattern", "DesignPattern\DesignPattern.csproj", "{1EE31794-0E04-4E4C-938E-04297A14C1CC}"
EndProject
Global
	GlobalSection(SolutionConfigurationPlatforms) = preSolution
		Debug|Any CPU = Debug|Any CPU
		Release|Any CPU = Release|Any CPU
	EndGlobalSection
	GlobalSection(ProjectConfigurationPlatforms) = postSolution
		{1EE31794-0E04-4E4C-938E-04297A14C1CC}.Debug|Any CPU.ActiveCfg = Debug|Any CPU
		{1EE31794-0E04-4E4C-938E-04297A14C1CC}.Debug|Any CPU.Build.0 = Debug|Any CPU
		{1EE31794-0E04-4E4C-938E-04297A14C1CC}.Release|Any CPU.ActiveCfg = Release|Any CPU
		{1EE31794-0E04-4E4C-938E-04297A14C1CC}.Release|Any CPU.Build.0 = Release|Any CPU
	EndGlobalSection
	GlobalSection(SolutionProperties) = preSolution
		HideSolutionNode = FALSE
	EndGlobalSection
	GlobalSection(ExtensibilityGlobals) = postSolution
		SolutionGuid = {72F4294F-71D1-406E-BD01-1DC398CDE5CE}
	EndGlobalSection
EndGlobal
